
Microsoft Visual Studio Solution File, Format Version 12.00
# Visual Studio 15
VisualStudioVersion = 15.0.28307.1209
MinimumVisualStudioVersion = 10.0.40219.1
Project("{8BC9CEB8-8B4A-11D0-8D11-00A0C91BC942}") = "Lab2", "Lab2\Lab2.vcxproj", "{46BFE167-2168-43EF-8F59-D8E9468CD6E4}"
EndProject
Global
	GlobalSection(SolutionConfigurationPlatforms) = preSolution
		Debug|x64 = Debug|x64
		Debug|x86 = Debug|x86
		Release|x64 = Release|x64
		Release|x86 = Release|x86
	EndGlobalSection
	GlobalSection(ProjectConfigurationPlatforms) = postSolution
		{46BFE167-2168-43EF-8F59-D8E9468CD6E4}.Debug|x64.ActiveCfg = Debug|x64
		{46BFE167-2168-43EF-8F59-D8E9468CD6E4}.Debug|x64.Build.0 = Debug|x64
		{46BFE167-2168-43EF-8F59-D8E9468CD6E4}.Debug|x86.ActiveCfg = Debug|Win32
		{46BFE167-2168-43EF-8F59-D8E9468CD6E4}.Debug|x86.Build.0 = Debug|Win32
		{46BFE167-2168-43EF-8F59-D8E9468CD6E4}.Release|x64.ActiveCfg = Release|x64
		{46BFE167-2168-43EF-8F59-D8E9468CD6E4}.Release|x64.Build.0 = Release|x64
		{46BFE167-2168-43EF-8F59-D8E9468CD6E4}.Release|x86.ActiveCfg = Release|Win32
		{46BFE167-2168-43EF-8F59-D8E9468CD6E4}.Release|x86.Build.0 = Release|Win32
	EndGlobalSection
	GlobalSection(SolutionProperties) = preSolution
		HideSolutionNode = FALSE
	EndGlobalSection
	GlobalSection(ExtensibilityGlobals) = postSolution
		SolutionGuid = {E62F12F5-E934-40D6-BFF6-10AE536E9E11}
	EndGlobalSection
EndGlobal
